// !$*UTF8*$!
{
	archiveVersion = 1;
	classes = {
	};
	objectVersion = 46;
	objects = {

/* Begin PBXBuildFile section */
		831575151AE87372003418FB /* LaunchScreen.xib in Resources */ = {isa = PBXBuildFile; fileRef = 831575141AE87372003418FB /* LaunchScreen.xib */; };
		8317F1B61A95478B00CC6CF1 /* PlantsViewController.m in Sources */ = {isa = PBXBuildFile; fileRef = 8317F1B51A95478B00CC6CF1 /* PlantsViewController.m */; };
		83246DD21AEBEC6B00DA464F /* SaveCellsViewController.m in Sources */ = {isa = PBXBuildFile; fileRef = 83246DD11AEBEC6B00DA464F /* SaveCellsViewController.m */; };
		83246DD41AEC1F2700DA464F /* plantsToNotify.plist in Resources */ = {isa = PBXBuildFile; fileRef = 83246DD31AEC1F2700DA464F /* plantsToNotify.plist */; };
		83246DD81AEC465F00DA464F /* zipCode.plist in Resources */ = {isa = PBXBuildFile; fileRef = 83246DD71AEC465F00DA464F /* zipCode.plist */; };
		83246DDA1AEC4DD500DA464F /* iPhone22x22.png in Resources */ = {isa = PBXBuildFile; fileRef = 83246DD91AEC4DD500DA464F /* iPhone22x22.png */; };
		83246DDC1AEC4DE200DA464F /* GrassIcon22x22.png in Resources */ = {isa = PBXBuildFile; fileRef = 83246DDB1AEC4DE200DA464F /* GrassIcon22x22.png */; };
		832B238A1AE8505000294B79 /* WeedGenieLogos in Resources */ = {isa = PBXBuildFile; fileRef = 832B23891AE8505000294B79 /* WeedGenieLogos */; };
		83336CF51AA22962001733BC /* TableViewCell.m in Sources */ = {isa = PBXBuildFile; fileRef = 83336CF41AA22962001733BC /* TableViewCell.m */; };
		83336CF71AA22DF8001733BC /* CustomCell.xib in Resources */ = {isa = PBXBuildFile; fileRef = 83336CF61AA22DF8001733BC /* CustomCell.xib */; };
		833627F91A91741D00BBBAF1 /* CoreLocation.framework in Frameworks */ = {isa = PBXBuildFile; fileRef = 833627F81A91741D00BBBAF1 /* CoreLocation.framework */; };
		834CACA71AC9D06F00E6CD90 /* historicalData.plist in Resources */ = {isa = PBXBuildFile; fileRef = 834CACA61AC9D06F00E6CD90 /* historicalData.plist */; };
		8356DC931ADB19FF00257D67 /* PlantGraphViewController.m in Sources */ = {isa = PBXBuildFile; fileRef = 8356DC921ADB19FF00257D67 /* PlantGraphViewController.m */; };
		8356DCEA1ADB2B0900257D67 /* QuartzCore.framework in Frameworks */ = {isa = PBXBuildFile; fileRef = 8356DCE91ADB2B0900257D67 /* QuartzCore.framework */; };
		8356DCEC1ADB2B7800257D67 /* Accelerate.framework in Frameworks */ = {isa = PBXBuildFile; fileRef = 8356DCEB1ADB2B7800257D67 /* Accelerate.framework */; };
		837FC06E1AEAE12200AA39B2 /* libCorePlot-CocoaTouch.a in Frameworks */ = {isa = PBXBuildFile; fileRef = 837FC06B1AEAE10600AA39B2 /* libCorePlot-CocoaTouch.a */; };
		838F55081A78144700BA469C /* main.m in Sources */ = {isa = PBXBuildFile; fileRef = 838F55071A78144700BA469C /* main.m */; };
		838F550B1A78144700BA469C /* AppDelegate.m in Sources */ = {isa = PBXBuildFile; fileRef = 838F550A1A78144700BA469C /* AppDelegate.m */; };
		838F550E1A78144700BA469C /* ViewController.m in Sources */ = {isa = PBXBuildFile; fileRef = 838F550D1A78144700BA469C /* ViewController.m */; };
		838F55111A78144700BA469C /* Main.storyboard in Resources */ = {isa = PBXBuildFile; fileRef = 838F550F1A78144700BA469C /* Main.storyboard */; };
		838F55131A78144700BA469C /* Images.xcassets in Resources */ = {isa = PBXBuildFile; fileRef = 838F55121A78144700BA469C /* Images.xcassets */; };
		83A7AA6C1AE9508C003398D0 /* iPhone1536x2048.png in Resources */ = {isa = PBXBuildFile; fileRef = 83A7AA6B1AE9508C003398D0 /* iPhone1536x2048.png */; };
		83D372E61AE5953600B363F9 /* BlueTexture.png in Resources */ = {isa = PBXBuildFile; fileRef = 83D372E51AE5953600B363F9 /* BlueTexture.png */; };
		83F550161A97B016007DA7EA /* DateViewController.m in Sources */ = {isa = PBXBuildFile; fileRef = 83F550151A97B016007DA7EA /* DateViewController.m */; };
/* End PBXBuildFile section */

/* Begin PBXContainerItemProxy section */
		838F551C1A78144700BA469C /* PBXContainerItemProxy */ = {
			isa = PBXContainerItemProxy;
			containerPortal = 838F54FA1A78144600BA469C /* Project object */;
			proxyType = 1;
			remoteGlobalIDString = 838F55011A78144600BA469C;
			remoteInfo = GDD;
		};
/* End PBXContainerItemProxy section */

/* Begin PBXFileReference section */
		831575141AE87372003418FB /* LaunchScreen.xib */ = {isa = PBXFileReference; fileEncoding = 4; lastKnownFileType = file.xib; name = LaunchScreen.xib; path = ../LaunchScreen.xib; sourceTree = "<group>"; };
		8317F1B41A95478B00CC6CF1 /* PlantsViewController.h */ = {isa = PBXFileReference; fileEncoding = 4; lastKnownFileType = sourcecode.c.h; path = PlantsViewController.h; sourceTree = "<group>"; };
		8317F1B51A95478B00CC6CF1 /* PlantsViewController.m */ = {isa = PBXFileReference; fileEncoding = 4; lastKnownFileType = sourcecode.c.objc; path = PlantsViewController.m; sourceTree = "<group>"; };
		83246DD01AEBEC6B00DA464F /* SaveCellsViewController.h */ = {isa = PBXFileReference; fileEncoding = 4; lastKnownFileType = sourcecode.c.h; path = SaveCellsViewController.h; sourceTree = "<group>"; };
		83246DD11AEBEC6B00DA464F /* SaveCellsViewController.m */ = {isa = PBXFileReference; fileEncoding = 4; lastKnownFileType = sourcecode.c.objc; path = SaveCellsViewController.m; sourceTree = "<group>"; };
		83246DD31AEC1F2700DA464F /* plantsToNotify.plist */ = {isa = PBXFileReference; fileEncoding = 4; lastKnownFileType = text.plist.xml; path = plantsToNotify.plist; sourceTree = "<group>"; };
		83246DD71AEC465F00DA464F /* zipCode.plist */ = {isa = PBXFileReference; fileEncoding = 4; lastKnownFileType = text.plist.xml; path = zipCode.plist; sourceTree = "<group>"; };
		83246DD91AEC4DD500DA464F /* iPhone22x22.png */ = {isa = PBXFileReference; lastKnownFileType = image.png; path = iPhone22x22.png; sourceTree = "<group>"; };
		83246DDB1AEC4DE200DA464F /* GrassIcon22x22.png */ = {isa = PBXFileReference; lastKnownFileType = image.png; path = GrassIcon22x22.png; sourceTree = "<group>"; };
		832B23891AE8505000294B79 /* WeedGenieLogos */ = {isa = PBXFileReference; lastKnownFileType = folder; path = WeedGenieLogos; sourceTree = "<group>"; };
		83336CF31AA22962001733BC /* TableViewCell.h */ = {isa = PBXFileReference; fileEncoding = 4; lastKnownFileType = sourcecode.c.h; path = TableViewCell.h; sourceTree = "<group>"; };
		83336CF41AA22962001733BC /* TableViewCell.m */ = {isa = PBXFileReference; fileEncoding = 4; lastKnownFileType = sourcecode.c.objc; path = TableViewCell.m; sourceTree = "<group>"; };
		83336CF61AA22DF8001733BC /* CustomCell.xib */ = {isa = PBXFileReference; fileEncoding = 4; lastKnownFileType = file.xib; path = CustomCell.xib; sourceTree = "<group>"; };
		833627F81A91741D00BBBAF1 /* CoreLocation.framework */ = {isa = PBXFileReference; lastKnownFileType = wrapper.framework; name = CoreLocation.framework; path = System/Library/Frameworks/CoreLocation.framework; sourceTree = SDKROOT; };
		834CACA61AC9D06F00E6CD90 /* historicalData.plist */ = {isa = PBXFileReference; fileEncoding = 4; lastKnownFileType = text.plist.xml; path = historicalData.plist; sourceTree = "<group>"; };
		8356DC911ADB19FF00257D67 /* PlantGraphViewController.h */ = {isa = PBXFileReference; fileEncoding = 4; lastKnownFileType = sourcecode.c.h; path = PlantGraphViewController.h; sourceTree = "<group>"; };
		8356DC921ADB19FF00257D67 /* PlantGraphViewController.m */ = {isa = PBXFileReference; fileEncoding = 4; lastKnownFileType = sourcecode.c.objc; path = PlantGraphViewController.m; sourceTree = "<group>"; };
		8356DCE91ADB2B0900257D67 /* QuartzCore.framework */ = {isa = PBXFileReference; lastKnownFileType = wrapper.framework; name = QuartzCore.framework; path = System/Library/Frameworks/QuartzCore.framework; sourceTree = SDKROOT; };
		8356DCEB1ADB2B7800257D67 /* Accelerate.framework */ = {isa = PBXFileReference; lastKnownFileType = wrapper.framework; name = Accelerate.framework; path = System/Library/Frameworks/Accelerate.framework; sourceTree = SDKROOT; };
		837FC06B1AEAE10600AA39B2 /* libCorePlot-CocoaTouch.a */ = {isa = PBXFileReference; lastKnownFileType = archive.ar; path = "libCorePlot-CocoaTouch.a"; sourceTree = "<group>"; };
		838F55021A78144700BA469C /* Weed Genie.app */ = {isa = PBXFileReference; explicitFileType = wrapper.application; includeInIndex = 0; path = "Weed Genie.app"; sourceTree = BUILT_PRODUCTS_DIR; };
		838F55061A78144700BA469C /* Info.plist */ = {isa = PBXFileReference; lastKnownFileType = text.plist.xml; path = Info.plist; sourceTree = "<group>"; };
		838F55071A78144700BA469C /* main.m */ = {isa = PBXFileReference; lastKnownFileType = sourcecode.c.objc; path = main.m; sourceTree = "<group>"; };
		838F55091A78144700BA469C /* AppDelegate.h */ = {isa = PBXFileReference; lastKnownFileType = sourcecode.c.h; path = AppDelegate.h; sourceTree = "<group>"; };
		838F550A1A78144700BA469C /* AppDelegate.m */ = {isa = PBXFileReference; lastKnownFileType = sourcecode.c.objc; path = AppDelegate.m; sourceTree = "<group>"; };
		838F550C1A78144700BA469C /* ViewController.h */ = {isa = PBXFileReference; lastKnownFileType = sourcecode.c.h; path = ViewController.h; sourceTree = "<group>"; };
		838F550D1A78144700BA469C /* ViewController.m */ = {isa = PBXFileReference; lastKnownFileType = sourcecode.c.objc; path = ViewController.m; sourceTree = "<group>"; };
		838F55101A78144700BA469C /* Base */ = {isa = PBXFileReference; lastKnownFileType = file.storyboard; name = Base; path = Base.lproj/Main.storyboard; sourceTree = "<group>"; };
		838F55121A78144700BA469C /* Images.xcassets */ = {isa = PBXFileReference; lastKnownFileType = folder.assetcatalog; path = Images.xcassets; sourceTree = "<group>"; };
		838F551B1A78144700BA469C /* Weed GenieTests.xctest */ = {isa = PBXFileReference; explicitFileType = wrapper.cfbundle; includeInIndex = 0; path = "Weed GenieTests.xctest"; sourceTree = BUILT_PRODUCTS_DIR; };
		838F55201A78144700BA469C /* Info.plist */ = {isa = PBXFileReference; lastKnownFileType = text.plist.xml; path = Info.plist; sourceTree = "<group>"; };
		83A7AA6B1AE9508C003398D0 /* iPhone1536x2048.png */ = {isa = PBXFileReference; lastKnownFileType = image.png; path = iPhone1536x2048.png; sourceTree = "<group>"; };
		83D372E51AE5953600B363F9 /* BlueTexture.png */ = {isa = PBXFileReference; lastKnownFileType = image.png; path = BlueTexture.png; sourceTree = "<group>"; };
		83F550141A97B016007DA7EA /* DateViewController.h */ = {isa = PBXFileReference; fileEncoding = 4; lastKnownFileType = sourcecode.c.h; path = DateViewController.h; sourceTree = "<group>"; };
		83F550151A97B016007DA7EA /* DateViewController.m */ = {isa = PBXFileReference; fileEncoding = 4; lastKnownFileType = sourcecode.c.objc; path = DateViewController.m; sourceTree = "<group>"; };
		A1F193111AF1BAEE009131F1 /* CorePlot-CocoaTouch.h */ = {isa = PBXFileReference; fileEncoding = 4; lastKnownFileType = sourcecode.c.h; path = "CorePlot-CocoaTouch.h"; sourceTree = "<group>"; };
		A1F193121AF1BAEE009131F1 /* CPTAnimation.h */ = {isa = PBXFileReference; fileEncoding = 4; lastKnownFileType = sourcecode.c.h; path = CPTAnimation.h; sourceTree = "<group>"; };
		A1F193131AF1BAEE009131F1 /* CPTAnimationOperation.h */ = {isa = PBXFileReference; fileEncoding = 4; lastKnownFileType = sourcecode.c.h; path = CPTAnimationOperation.h; sourceTree = "<group>"; };
		A1F193141AF1BAEE009131F1 /* CPTAnimationPeriod.h */ = {isa = PBXFileReference; fileEncoding = 4; lastKnownFileType = sourcecode.c.h; path = CPTAnimationPeriod.h; sourceTree = "<group>"; };
		A1F193151AF1BAEE009131F1 /* CPTAnnotation.h */ = {isa = PBXFileReference; fileEncoding = 4; lastKnownFileType = sourcecode.c.h; path = CPTAnnotation.h; sourceTree = "<group>"; };
		A1F193161AF1BAEE009131F1 /* CPTAnnotationHostLayer.h */ = {isa = PBXFileReference; fileEncoding = 4; lastKnownFileType = sourcecode.c.h; path = CPTAnnotationHostLayer.h; sourceTree = "<group>"; };
		A1F193171AF1BAEE009131F1 /* CPTAxis.h */ = {isa = PBXFileReference; fileEncoding = 4; lastKnownFileType = sourcecode.c.h; path = CPTAxis.h; sourceTree = "<group>"; };
		A1F193181AF1BAEE009131F1 /* CPTAxisLabel.h */ = {isa = PBXFileReference; fileEncoding = 4; lastKnownFileType = sourcecode.c.h; path = CPTAxisLabel.h; sourceTree = "<group>"; };
		A1F193191AF1BAEE009131F1 /* CPTAxisLabelGroup.h */ = {isa = PBXFileReference; fileEncoding = 4; lastKnownFileType = sourcecode.c.h; path = CPTAxisLabelGroup.h; sourceTree = "<group>"; };
		A1F1931A1AF1BAEE009131F1 /* CPTAxisSet.h */ = {isa = PBXFileReference; fileEncoding = 4; lastKnownFileType = sourcecode.c.h; path = CPTAxisSet.h; sourceTree = "<group>"; };
		A1F1931B1AF1BAEE009131F1 /* CPTAxisTitle.h */ = {isa = PBXFileReference; fileEncoding = 4; lastKnownFileType = sourcecode.c.h; path = CPTAxisTitle.h; sourceTree = "<group>"; };
		A1F1931C1AF1BAEE009131F1 /* CPTBarPlot.h */ = {isa = PBXFileReference; fileEncoding = 4; lastKnownFileType = sourcecode.c.h; path = CPTBarPlot.h; sourceTree = "<group>"; };
		A1F1931D1AF1BAEE009131F1 /* CPTBorderedLayer.h */ = {isa = PBXFileReference; fileEncoding = 4; lastKnownFileType = sourcecode.c.h; path = CPTBorderedLayer.h; sourceTree = "<group>"; };
		A1F1931E1AF1BAEE009131F1 /* CPTCalendarFormatter.h */ = {isa = PBXFileReference; fileEncoding = 4; lastKnownFileType = sourcecode.c.h; path = CPTCalendarFormatter.h; sourceTree = "<group>"; };
		A1F1931F1AF1BAEE009131F1 /* CPTColor.h */ = {isa = PBXFileReference; fileEncoding = 4; lastKnownFileType = sourcecode.c.h; path = CPTColor.h; sourceTree = "<group>"; };
		A1F193201AF1BAEE009131F1 /* CPTColorSpace.h */ = {isa = PBXFileReference; fileEncoding = 4; lastKnownFileType = sourcecode.c.h; path = CPTColorSpace.h; sourceTree = "<group>"; };
		A1F193211AF1BAEE009131F1 /* CPTConstraints.h */ = {isa = PBXFileReference; fileEncoding = 4; lastKnownFileType = sourcecode.c.h; path = CPTConstraints.h; sourceTree = "<group>"; };
		A1F193221AF1BAEE009131F1 /* CPTDataSourceTestCase.h */ = {isa = PBXFileReference; fileEncoding = 4; lastKnownFileType = sourcecode.c.h; path = CPTDataSourceTestCase.h; sourceTree = "<group>"; };
		A1F193231AF1BAEE009131F1 /* CPTDefinitions.h */ = {isa = PBXFileReference; fileEncoding = 4; lastKnownFileType = sourcecode.c.h; path = CPTDefinitions.h; sourceTree = "<group>"; };
		A1F193241AF1BAEE009131F1 /* CPTDerivedXYGraph.h */ = {isa = PBXFileReference; fileEncoding = 4; lastKnownFileType = sourcecode.c.h; path = CPTDerivedXYGraph.h; sourceTree = "<group>"; };
		A1F193251AF1BAEE009131F1 /* CPTExceptions.h */ = {isa = PBXFileReference; fileEncoding = 4; lastKnownFileType = sourcecode.c.h; path = CPTExceptions.h; sourceTree = "<group>"; };
		A1F193261AF1BAEE009131F1 /* CPTFill.h */ = {isa = PBXFileReference; fileEncoding = 4; lastKnownFileType = sourcecode.c.h; path = CPTFill.h; sourceTree = "<group>"; };
		A1F193271AF1BAEE009131F1 /* CPTFunctionDataSource.h */ = {isa = PBXFileReference; fileEncoding = 4; lastKnownFileType = sourcecode.c.h; path = CPTFunctionDataSource.h; sourceTree = "<group>"; };
		A1F193281AF1BAEE009131F1 /* CPTGradient.h */ = {isa = PBXFileReference; fileEncoding = 4; lastKnownFileType = sourcecode.c.h; path = CPTGradient.h; sourceTree = "<group>"; };
		A1F193291AF1BAEE009131F1 /* CPTGraph.h */ = {isa = PBXFileReference; fileEncoding = 4; lastKnownFileType = sourcecode.c.h; path = CPTGraph.h; sourceTree = "<group>"; };
		A1F1932A1AF1BAEE009131F1 /* CPTGraphHostingView.h */ = {isa = PBXFileReference; fileEncoding = 4; lastKnownFileType = sourcecode.c.h; path = CPTGraphHostingView.h; sourceTree = "<group>"; };
		A1F1932B1AF1BAEE009131F1 /* CPTGridLineGroup.h */ = {isa = PBXFileReference; fileEncoding = 4; lastKnownFileType = sourcecode.c.h; path = CPTGridLineGroup.h; sourceTree = "<group>"; };
		A1F1932C1AF1BAEE009131F1 /* CPTGridLines.h */ = {isa = PBXFileReference; fileEncoding = 4; lastKnownFileType = sourcecode.c.h; path = CPTGridLines.h; sourceTree = "<group>"; };
		A1F1932D1AF1BAEE009131F1 /* CPTImage.h */ = {isa = PBXFileReference; fileEncoding = 4; lastKnownFileType = sourcecode.c.h; path = CPTImage.h; sourceTree = "<group>"; };
		A1F1932E1AF1BAEE009131F1 /* CPTLayer.h */ = {isa = PBXFileReference; fileEncoding = 4; lastKnownFileType = sourcecode.c.h; path = CPTLayer.h; sourceTree = "<group>"; };
		A1F1932F1AF1BAEE009131F1 /* CPTLayerAnnotation.h */ = {isa = PBXFileReference; fileEncoding = 4; lastKnownFileType = sourcecode.c.h; path = CPTLayerAnnotation.h; sourceTree = "<group>"; };
		A1F193301AF1BAEE009131F1 /* CPTLegend.h */ = {isa = PBXFileReference; fileEncoding = 4; lastKnownFileType = sourcecode.c.h; path = CPTLegend.h; sourceTree = "<group>"; };
		A1F193311AF1BAEE009131F1 /* CPTLegendEntry.h */ = {isa = PBXFileReference; fileEncoding = 4; lastKnownFileType = sourcecode.c.h; path = CPTLegendEntry.h; sourceTree = "<group>"; };
		A1F193321AF1BAEE009131F1 /* CPTLimitBand.h */ = {isa = PBXFileReference; fileEncoding = 4; lastKnownFileType = sourcecode.c.h; path = CPTLimitBand.h; sourceTree = "<group>"; };
		A1F193331AF1BAEE009131F1 /* CPTLineCap.h */ = {isa = PBXFileReference; fileEncoding = 4; lastKnownFileType = sourcecode.c.h; path = CPTLineCap.h; sourceTree = "<group>"; };
		A1F193341AF1BAEE009131F1 /* CPTLineStyle.h */ = {isa = PBXFileReference; fileEncoding = 4; lastKnownFileType = sourcecode.c.h; path = CPTLineStyle.h; sourceTree = "<group>"; };
		A1F193351AF1BAEE009131F1 /* CPTMutableLineStyle.h */ = {isa = PBXFileReference; fileEncoding = 4; lastKnownFileType = sourcecode.c.h; path = CPTMutableLineStyle.h; sourceTree = "<group>"; };
		A1F193361AF1BAEE009131F1 /* CPTMutableNumericData+TypeConversion.h */ = {isa = PBXFileReference; fileEncoding = 4; lastKnownFileType = sourcecode.c.h; path = "CPTMutableNumericData+TypeConversion.h"; sourceTree = "<group>"; };
		A1F193371AF1BAEE009131F1 /* CPTMutableNumericData.h */ = {isa = PBXFileReference; fileEncoding = 4; lastKnownFileType = sourcecode.c.h; path = CPTMutableNumericData.h; sourceTree = "<group>"; };
		A1F193381AF1BAEE009131F1 /* CPTMutablePlotRange.h */ = {isa = PBXFileReference; fileEncoding = 4; lastKnownFileType = sourcecode.c.h; path = CPTMutablePlotRange.h; sourceTree = "<group>"; };
		A1F193391AF1BAEE009131F1 /* CPTMutableShadow.h */ = {isa = PBXFileReference; fileEncoding = 4; lastKnownFileType = sourcecode.c.h; path = CPTMutableShadow.h; sourceTree = "<group>"; };
		A1F1933A1AF1BAEE009131F1 /* CPTMutableTextStyle.h */ = {isa = PBXFileReference; fileEncoding = 4; lastKnownFileType = sourcecode.c.h; path = CPTMutableTextStyle.h; sourceTree = "<group>"; };
		A1F1933B1AF1BAEE009131F1 /* CPTNumericData+TypeConversion.h */ = {isa = PBXFileReference; fileEncoding = 4; lastKnownFileType = sourcecode.c.h; path = "CPTNumericData+TypeConversion.h"; sourceTree = "<group>"; };
		A1F1933C1AF1BAEE009131F1 /* CPTNumericData.h */ = {isa = PBXFileReference; fileEncoding = 4; lastKnownFileType = sourcecode.c.h; path = CPTNumericData.h; sourceTree = "<group>"; };
		A1F1933D1AF1BAEE009131F1 /* CPTNumericDataType.h */ = {isa = PBXFileReference; fileEncoding = 4; lastKnownFileType = sourcecode.c.h; path = CPTNumericDataType.h; sourceTree = "<group>"; };
		A1F1933E1AF1BAEE009131F1 /* CPTPathExtensions.h */ = {isa = PBXFileReference; fileEncoding = 4; lastKnownFileType = sourcecode.c.h; path = CPTPathExtensions.h; sourceTree = "<group>"; };
		A1F1933F1AF1BAEE009131F1 /* CPTPieChart.h */ = {isa = PBXFileReference; fileEncoding = 4; lastKnownFileType = sourcecode.c.h; path = CPTPieChart.h; sourceTree = "<group>"; };
		A1F193401AF1BAEE009131F1 /* CPTPlatformSpecificCategories.h */ = {isa = PBXFileReference; fileEncoding = 4; lastKnownFileType = sourcecode.c.h; path = CPTPlatformSpecificCategories.h; sourceTree = "<group>"; };
		A1F193411AF1BAEE009131F1 /* CPTPlatformSpecificDefines.h */ = {isa = PBXFileReference; fileEncoding = 4; lastKnownFileType = sourcecode.c.h; path = CPTPlatformSpecificDefines.h; sourceTree = "<group>"; };
		A1F193421AF1BAEE009131F1 /* CPTPlatformSpecificFunctions.h */ = {isa = PBXFileReference; fileEncoding = 4; lastKnownFileType = sourcecode.c.h; path = CPTPlatformSpecificFunctions.h; sourceTree = "<group>"; };
		A1F193431AF1BAEE009131F1 /* CPTPlot.h */ = {isa = PBXFileReference; fileEncoding = 4; lastKnownFileType = sourcecode.c.h; path = CPTPlot.h; sourceTree = "<group>"; };
		A1F193441AF1BAEE009131F1 /* CPTPlotArea.h */ = {isa = PBXFileReference; fileEncoding = 4; lastKnownFileType = sourcecode.c.h; path = CPTPlotArea.h; sourceTree = "<group>"; };
		A1F193451AF1BAEE009131F1 /* CPTPlotAreaFrame.h */ = {isa = PBXFileReference; fileEncoding = 4; lastKnownFileType = sourcecode.c.h; path = CPTPlotAreaFrame.h; sourceTree = "<group>"; };
		A1F193461AF1BAEE009131F1 /* CPTPlotGroup.h */ = {isa = PBXFileReference; fileEncoding = 4; lastKnownFileType = sourcecode.c.h; path = CPTPlotGroup.h; sourceTree = "<group>"; };
		A1F193471AF1BAEE009131F1 /* CPTPlotRange.h */ = {isa = PBXFileReference; fileEncoding = 4; lastKnownFileType = sourcecode.c.h; path = CPTPlotRange.h; sourceTree = "<group>"; };
		A1F193481AF1BAEE009131F1 /* CPTPlotSpace.h */ = {isa = PBXFileReference; fileEncoding = 4; lastKnownFileType = sourcecode.c.h; path = CPTPlotSpace.h; sourceTree = "<group>"; };
		A1F193491AF1BAEE009131F1 /* CPTPlotSpaceAnnotation.h */ = {isa = PBXFileReference; fileEncoding = 4; lastKnownFileType = sourcecode.c.h; path = CPTPlotSpaceAnnotation.h; sourceTree = "<group>"; };
		A1F1934A1AF1BAEE009131F1 /* CPTPlotSymbol.h */ = {isa = PBXFileReference; fileEncoding = 4; lastKnownFileType = sourcecode.c.h; path = CPTPlotSymbol.h; sourceTree = "<group>"; };
		A1F1934B1AF1BAEE009131F1 /* CPTRangePlot.h */ = {isa = PBXFileReference; fileEncoding = 4; lastKnownFileType = sourcecode.c.h; path = CPTRangePlot.h; sourceTree = "<group>"; };
		A1F1934C1AF1BAEE009131F1 /* CPTResponder.h */ = {isa = PBXFileReference; fileEncoding = 4; lastKnownFileType = sourcecode.c.h; path = CPTResponder.h; sourceTree = "<group>"; };
		A1F1934D1AF1BAEE009131F1 /* CPTScatterPlot.h */ = {isa = PBXFileReference; fileEncoding = 4; lastKnownFileType = sourcecode.c.h; path = CPTScatterPlot.h; sourceTree = "<group>"; };
		A1F1934E1AF1BAEE009131F1 /* CPTShadow.h */ = {isa = PBXFileReference; fileEncoding = 4; lastKnownFileType = sourcecode.c.h; path = CPTShadow.h; sourceTree = "<group>"; };
		A1F1934F1AF1BAEE009131F1 /* CPTTestCase.h */ = {isa = PBXFileReference; fileEncoding = 4; lastKnownFileType = sourcecode.c.h; path = CPTTestCase.h; sourceTree = "<group>"; };
		A1F193501AF1BAEE009131F1 /* CPTTextLayer.h */ = {isa = PBXFileReference; fileEncoding = 4; lastKnownFileType = sourcecode.c.h; path = CPTTextLayer.h; sourceTree = "<group>"; };
		A1F193511AF1BAEE009131F1 /* CPTTextStyle.h */ = {isa = PBXFileReference; fileEncoding = 4; lastKnownFileType = sourcecode.c.h; path = CPTTextStyle.h; sourceTree = "<group>"; };
		A1F193521AF1BAEE009131F1 /* CPTTextStylePlatformSpecific.h */ = {isa = PBXFileReference; fileEncoding = 4; lastKnownFileType = sourcecode.c.h; path = CPTTextStylePlatformSpecific.h; sourceTree = "<group>"; };
		A1F193531AF1BAEE009131F1 /* CPTTheme.h */ = {isa = PBXFileReference; fileEncoding = 4; lastKnownFileType = sourcecode.c.h; path = CPTTheme.h; sourceTree = "<group>"; };
		A1F193541AF1BAEE009131F1 /* CPTTimeFormatter.h */ = {isa = PBXFileReference; fileEncoding = 4; lastKnownFileType = sourcecode.c.h; path = CPTTimeFormatter.h; sourceTree = "<group>"; };
		A1F193551AF1BAEE009131F1 /* CPTTradingRangePlot.h */ = {isa = PBXFileReference; fileEncoding = 4; lastKnownFileType = sourcecode.c.h; path = CPTTradingRangePlot.h; sourceTree = "<group>"; };
		A1F193561AF1BAEE009131F1 /* CPTUtilities.h */ = {isa = PBXFileReference; fileEncoding = 4; lastKnownFileType = sourcecode.c.h; path = CPTUtilities.h; sourceTree = "<group>"; };
		A1F193571AF1BAEE009131F1 /* CPTXYAxis.h */ = {isa = PBXFileReference; fileEncoding = 4; lastKnownFileType = sourcecode.c.h; path = CPTXYAxis.h; sourceTree = "<group>"; };
		A1F193581AF1BAEE009131F1 /* CPTXYAxisSet.h */ = {isa = PBXFileReference; fileEncoding = 4; lastKnownFileType = sourcecode.c.h; path = CPTXYAxisSet.h; sourceTree = "<group>"; };
		A1F193591AF1BAEE009131F1 /* CPTXYGraph.h */ = {isa = PBXFileReference; fileEncoding = 4; lastKnownFileType = sourcecode.c.h; path = CPTXYGraph.h; sourceTree = "<group>"; };
		A1F1935A1AF1BAEE009131F1 /* CPTXYPlotSpace.h */ = {isa = PBXFileReference; fileEncoding = 4; lastKnownFileType = sourcecode.c.h; path = CPTXYPlotSpace.h; sourceTree = "<group>"; };
		A1F1935B1AF1BAEE009131F1 /* mainpage.h */ = {isa = PBXFileReference; fileEncoding = 4; lastKnownFileType = sourcecode.c.h; path = mainpage.h; sourceTree = "<group>"; };
		A1F1935C1AF1BAEE009131F1 /* NSCoderExtensions.h */ = {isa = PBXFileReference; fileEncoding = 4; lastKnownFileType = sourcecode.c.h; path = NSCoderExtensions.h; sourceTree = "<group>"; };
		A1F1935D1AF1BAEE009131F1 /* NSDecimalNumberExtensions.h */ = {isa = PBXFileReference; fileEncoding = 4; lastKnownFileType = sourcecode.c.h; path = NSDecimalNumberExtensions.h; sourceTree = "<group>"; };
		A1F1935E1AF1BAEE009131F1 /* NSNumberExtensions.h */ = {isa = PBXFileReference; fileEncoding = 4; lastKnownFileType = sourcecode.c.h; path = NSNumberExtensions.h; sourceTree = "<group>"; };
/* End PBXFileReference section */

/* Begin PBXFrameworksBuildPhase section */
		838F54FF1A78144600BA469C /* Frameworks */ = {
			isa = PBXFrameworksBuildPhase;
			buildActionMask = 2147483647;
			files = (
				8356DCEC1ADB2B7800257D67 /* Accelerate.framework in Frameworks */,
				8356DCEA1ADB2B0900257D67 /* QuartzCore.framework in Frameworks */,
				833627F91A91741D00BBBAF1 /* CoreLocation.framework in Frameworks */,
				837FC06E1AEAE12200AA39B2 /* libCorePlot-CocoaTouch.a in Frameworks */,
			);
			runOnlyForDeploymentPostprocessing = 0;
		};
		838F55181A78144700BA469C /* Frameworks */ = {
			isa = PBXFrameworksBuildPhase;
			buildActionMask = 2147483647;
			files = (
			);
			runOnlyForDeploymentPostprocessing = 0;
		};
/* End PBXFrameworksBuildPhase section */

/* Begin PBXGroup section */
		838F54F91A78144600BA469C = {
			isa = PBXGroup;
			children = (
				837FC06B1AEAE10600AA39B2 /* libCorePlot-CocoaTouch.a */,
				8356DCEB1ADB2B7800257D67 /* Accelerate.framework */,
				833627F81A91741D00BBBAF1 /* CoreLocation.framework */,
				8356DCE91ADB2B0900257D67 /* QuartzCore.framework */,
				838F55041A78144700BA469C /* GDD */,
				838F551E1A78144700BA469C /* GDDTests */,
				838F55031A78144700BA469C /* Products */,
				A1F193101AF1BAEE009131F1 /* CorePlotHeaders */,
			);
			sourceTree = "<group>";
		};
		838F55031A78144700BA469C /* Products */ = {
			isa = PBXGroup;
			children = (
				838F55021A78144700BA469C /* Weed Genie.app */,
				838F551B1A78144700BA469C /* Weed GenieTests.xctest */,
			);
			name = Products;
			sourceTree = "<group>";
		};
		838F55041A78144700BA469C /* GDD */ = {
			isa = PBXGroup;
			children = (
				83336CF31AA22962001733BC /* TableViewCell.h */,
				83336CF41AA22962001733BC /* TableViewCell.m */,
				838F55091A78144700BA469C /* AppDelegate.h */,
				838F550A1A78144700BA469C /* AppDelegate.m */,
				838F550C1A78144700BA469C /* ViewController.h */,
				838F550D1A78144700BA469C /* ViewController.m */,
				83F550141A97B016007DA7EA /* DateViewController.h */,
				83F550151A97B016007DA7EA /* DateViewController.m */,
				838F550F1A78144700BA469C /* Main.storyboard */,
				83246DD01AEBEC6B00DA464F /* SaveCellsViewController.h */,
				83246DD11AEBEC6B00DA464F /* SaveCellsViewController.m */,
				8317F1B41A95478B00CC6CF1 /* PlantsViewController.h */,
				8317F1B51A95478B00CC6CF1 /* PlantsViewController.m */,
				8356DC911ADB19FF00257D67 /* PlantGraphViewController.h */,
				8356DC921ADB19FF00257D67 /* PlantGraphViewController.m */,
				831575141AE87372003418FB /* LaunchScreen.xib */,
				83A7AA6B1AE9508C003398D0 /* iPhone1536x2048.png */,
				83246DDB1AEC4DE200DA464F /* GrassIcon22x22.png */,
				83246DD91AEC4DD500DA464F /* iPhone22x22.png */,
				838F55121A78144700BA469C /* Images.xcassets */,
				838F55051A78144700BA469C /* Supporting Files */,
			);
			path = GDD;
			sourceTree = "<group>";
		};
		838F55051A78144700BA469C /* Supporting Files */ = {
			isa = PBXGroup;
			children = (
				832B23891AE8505000294B79 /* WeedGenieLogos */,
				83D372E51AE5953600B363F9 /* BlueTexture.png */,
				83336CF61AA22DF8001733BC /* CustomCell.xib */,
				838F55061A78144700BA469C /* Info.plist */,
				838F55071A78144700BA469C /* main.m */,
				834CACA61AC9D06F00E6CD90 /* historicalData.plist */,
				83246DD31AEC1F2700DA464F /* plantsToNotify.plist */,
				83246DD71AEC465F00DA464F /* zipCode.plist */,
			);
			name = "Supporting Files";
			sourceTree = "<group>";
		};
		838F551E1A78144700BA469C /* GDDTests */ = {
			isa = PBXGroup;
			children = (
				838F551F1A78144700BA469C /* Supporting Files */,
			);
			path = GDDTests;
			sourceTree = "<group>";
		};
		838F551F1A78144700BA469C /* Supporting Files */ = {
			isa = PBXGroup;
			children = (
				838F55201A78144700BA469C /* Info.plist */,
			);
			name = "Supporting Files";
			sourceTree = "<group>";
		};
		A1F193101AF1BAEE009131F1 /* CorePlotHeaders */ = {
			isa = PBXGroup;
			children = (
				A1F193111AF1BAEE009131F1 /* CorePlot-CocoaTouch.h */,
				A1F193121AF1BAEE009131F1 /* CPTAnimation.h */,
				A1F193131AF1BAEE009131F1 /* CPTAnimationOperation.h */,
				A1F193141AF1BAEE009131F1 /* CPTAnimationPeriod.h */,
				A1F193151AF1BAEE009131F1 /* CPTAnnotation.h */,
				A1F193161AF1BAEE009131F1 /* CPTAnnotationHostLayer.h */,
				A1F193171AF1BAEE009131F1 /* CPTAxis.h */,
				A1F193181AF1BAEE009131F1 /* CPTAxisLabel.h */,
				A1F193191AF1BAEE009131F1 /* CPTAxisLabelGroup.h */,
				A1F1931A1AF1BAEE009131F1 /* CPTAxisSet.h */,
				A1F1931B1AF1BAEE009131F1 /* CPTAxisTitle.h */,
				A1F1931C1AF1BAEE009131F1 /* CPTBarPlot.h */,
				A1F1931D1AF1BAEE009131F1 /* CPTBorderedLayer.h */,
				A1F1931E1AF1BAEE009131F1 /* CPTCalendarFormatter.h */,
				A1F1931F1AF1BAEE009131F1 /* CPTColor.h */,
				A1F193201AF1BAEE009131F1 /* CPTColorSpace.h */,
				A1F193211AF1BAEE009131F1 /* CPTConstraints.h */,
				A1F193221AF1BAEE009131F1 /* CPTDataSourceTestCase.h */,
				A1F193231AF1BAEE009131F1 /* CPTDefinitions.h */,
				A1F193241AF1BAEE009131F1 /* CPTDerivedXYGraph.h */,
				A1F193251AF1BAEE009131F1 /* CPTExceptions.h */,
				A1F193261AF1BAEE009131F1 /* CPTFill.h */,
				A1F193271AF1BAEE009131F1 /* CPTFunctionDataSource.h */,
				A1F193281AF1BAEE009131F1 /* CPTGradient.h */,
				A1F193291AF1BAEE009131F1 /* CPTGraph.h */,
				A1F1932A1AF1BAEE009131F1 /* CPTGraphHostingView.h */,
				A1F1932B1AF1BAEE009131F1 /* CPTGridLineGroup.h */,
				A1F1932C1AF1BAEE009131F1 /* CPTGridLines.h */,
				A1F1932D1AF1BAEE009131F1 /* CPTImage.h */,
				A1F1932E1AF1BAEE009131F1 /* CPTLayer.h */,
				A1F1932F1AF1BAEE009131F1 /* CPTLayerAnnotation.h */,
				A1F193301AF1BAEE009131F1 /* CPTLegend.h */,
				A1F193311AF1BAEE009131F1 /* CPTLegendEntry.h */,
				A1F193321AF1BAEE009131F1 /* CPTLimitBand.h */,
				A1F193331AF1BAEE009131F1 /* CPTLineCap.h */,
				A1F193341AF1BAEE009131F1 /* CPTLineStyle.h */,
				A1F193351AF1BAEE009131F1 /* CPTMutableLineStyle.h */,
				A1F193361AF1BAEE009131F1 /* CPTMutableNumericData+TypeConversion.h */,
				A1F193371AF1BAEE009131F1 /* CPTMutableNumericData.h */,
				A1F193381AF1BAEE009131F1 /* CPTMutablePlotRange.h */,
				A1F193391AF1BAEE009131F1 /* CPTMutableShadow.h */,
				A1F1933A1AF1BAEE009131F1 /* CPTMutableTextStyle.h */,
				A1F1933B1AF1BAEE009131F1 /* CPTNumericData+TypeConversion.h */,
				A1F1933C1AF1BAEE009131F1 /* CPTNumericData.h */,
				A1F1933D1AF1BAEE009131F1 /* CPTNumericDataType.h */,
				A1F1933E1AF1BAEE009131F1 /* CPTPathExtensions.h */,
				A1F1933F1AF1BAEE009131F1 /* CPTPieChart.h */,
				A1F193401AF1BAEE009131F1 /* CPTPlatformSpecificCategories.h */,
				A1F193411AF1BAEE009131F1 /* CPTPlatformSpecificDefines.h */,
				A1F193421AF1BAEE009131F1 /* CPTPlatformSpecificFunctions.h */,
				A1F193431AF1BAEE009131F1 /* CPTPlot.h */,
				A1F193441AF1BAEE009131F1 /* CPTPlotArea.h */,
				A1F193451AF1BAEE009131F1 /* CPTPlotAreaFrame.h */,
				A1F193461AF1BAEE009131F1 /* CPTPlotGroup.h */,
				A1F193471AF1BAEE009131F1 /* CPTPlotRange.h */,
				A1F193481AF1BAEE009131F1 /* CPTPlotSpace.h */,
				A1F193491AF1BAEE009131F1 /* CPTPlotSpaceAnnotation.h */,
				A1F1934A1AF1BAEE009131F1 /* CPTPlotSymbol.h */,
				A1F1934B1AF1BAEE009131F1 /* CPTRangePlot.h */,
				A1F1934C1AF1BAEE009131F1 /* CPTResponder.h */,
				A1F1934D1AF1BAEE009131F1 /* CPTScatterPlot.h */,
				A1F1934E1AF1BAEE009131F1 /* CPTShadow.h */,
				A1F1934F1AF1BAEE009131F1 /* CPTTestCase.h */,
				A1F193501AF1BAEE009131F1 /* CPTTextLayer.h */,
				A1F193511AF1BAEE009131F1 /* CPTTextStyle.h */,
				A1F193521AF1BAEE009131F1 /* CPTTextStylePlatformSpecific.h */,
				A1F193531AF1BAEE009131F1 /* CPTTheme.h */,
				A1F193541AF1BAEE009131F1 /* CPTTimeFormatter.h */,
				A1F193551AF1BAEE009131F1 /* CPTTradingRangePlot.h */,
				A1F193561AF1BAEE009131F1 /* CPTUtilities.h */,
				A1F193571AF1BAEE009131F1 /* CPTXYAxis.h */,
				A1F193581AF1BAEE009131F1 /* CPTXYAxisSet.h */,
				A1F193591AF1BAEE009131F1 /* CPTXYGraph.h */,
				A1F1935A1AF1BAEE009131F1 /* CPTXYPlotSpace.h */,
				A1F1935B1AF1BAEE009131F1 /* mainpage.h */,
				A1F1935C1AF1BAEE009131F1 /* NSCoderExtensions.h */,
				A1F1935D1AF1BAEE009131F1 /* NSDecimalNumberExtensions.h */,
				A1F1935E1AF1BAEE009131F1 /* NSNumberExtensions.h */,
			);
			path = CorePlotHeaders;
			sourceTree = "<group>";
		};
/* End PBXGroup section */

/* Begin PBXNativeTarget section */
		838F55011A78144600BA469C /* Weed Genie */ = {
			isa = PBXNativeTarget;
			buildConfigurationList = 838F55251A78144700BA469C /* Build configuration list for PBXNativeTarget "Weed Genie" */;
			buildPhases = (
				838F54FE1A78144600BA469C /* Sources */,
				838F54FF1A78144600BA469C /* Frameworks */,
				838F55001A78144600BA469C /* Resources */,
			);
			buildRules = (
			);
			dependencies = (
			);
			name = "Weed Genie";
			productName = GDD;
			productReference = 838F55021A78144700BA469C /* Weed Genie.app */;
			productType = "com.apple.product-type.application";
		};
		838F551A1A78144700BA469C /* Weed GenieTests */ = {
			isa = PBXNativeTarget;
			buildConfigurationList = 838F55281A78144700BA469C /* Build configuration list for PBXNativeTarget "Weed GenieTests" */;
			buildPhases = (
				838F55171A78144700BA469C /* Sources */,
				838F55181A78144700BA469C /* Frameworks */,
				838F55191A78144700BA469C /* Resources */,
			);
			buildRules = (
			);
			dependencies = (
				838F551D1A78144700BA469C /* PBXTargetDependency */,
			);
			name = "Weed GenieTests";
			productName = GDDTests;
			productReference = 838F551B1A78144700BA469C /* Weed GenieTests.xctest */;
			productType = "com.apple.product-type.bundle.unit-test";
		};
/* End PBXNativeTarget section */

/* Begin PBXProject section */
		838F54FA1A78144600BA469C /* Project object */ = {
			isa = PBXProject;
			attributes = {
				LastUpgradeCheck = 0610;
				ORGANIZATIONNAME = Ran0005;
				TargetAttributes = {
					838F55011A78144600BA469C = {
						CreatedOnToolsVersion = 6.1.1;
						DevelopmentTeam = F3N6BAVXVB;
						SystemCapabilities = {
							com.apple.BackgroundModes = {
								enabled = 0;
							};
						};
					};
					838F551A1A78144700BA469C = {
						CreatedOnToolsVersion = 6.1.1;
						TestTargetID = 838F55011A78144600BA469C;
					};
				};
			};
			buildConfigurationList = 838F54FD1A78144600BA469C /* Build configuration list for PBXProject "Weed Genie" */;
			compatibilityVersion = "Xcode 3.2";
			developmentRegion = English;
			hasScannedForEncodings = 0;
			knownRegions = (
				en,
				Base,
			);
			mainGroup = 838F54F91A78144600BA469C;
			productRefGroup = 838F55031A78144700BA469C /* Products */;
			projectDirPath = "";
			projectRoot = "";
			targets = (
				838F55011A78144600BA469C /* Weed Genie */,
				838F551A1A78144700BA469C /* Weed GenieTests */,
			);
		};
/* End PBXProject section */

/* Begin PBXResourcesBuildPhase section */
		838F55001A78144600BA469C /* Resources */ = {
			isa = PBXResourcesBuildPhase;
			buildActionMask = 2147483647;
			files = (
				83246DD41AEC1F2700DA464F /* plantsToNotify.plist in Resources */,
				83336CF71AA22DF8001733BC /* CustomCell.xib in Resources */,
				83D372E61AE5953600B363F9 /* BlueTexture.png in Resources */,
				83246DDC1AEC4DE200DA464F /* GrassIcon22x22.png in Resources */,
				838F55111A78144700BA469C /* Main.storyboard in Resources */,
				83246DDA1AEC4DD500DA464F /* iPhone22x22.png in Resources */,
				832B238A1AE8505000294B79 /* WeedGenieLogos in Resources */,
				834CACA71AC9D06F00E6CD90 /* historicalData.plist in Resources */,
				831575151AE87372003418FB /* LaunchScreen.xib in Resources */,
				83A7AA6C1AE9508C003398D0 /* iPhone1536x2048.png in Resources */,
				83246DD81AEC465F00DA464F /* zipCode.plist in Resources */,
				838F55131A78144700BA469C /* Images.xcassets in Resources */,
			);
			runOnlyForDeploymentPostprocessing = 0;
		};
		838F55191A78144700BA469C /* Resources */ = {
			isa = PBXResourcesBuildPhase;
			buildActionMask = 2147483647;
			files = (
			);
			runOnlyForDeploymentPostprocessing = 0;
		};
/* End PBXResourcesBuildPhase section */

/* Begin PBXSourcesBuildPhase section */
		838F54FE1A78144600BA469C /* Sources */ = {
			isa = PBXSourcesBuildPhase;
			buildActionMask = 2147483647;
			files = (
				838F550E1A78144700BA469C /* ViewController.m in Sources */,
				83336CF51AA22962001733BC /* TableViewCell.m in Sources */,
				8356DC931ADB19FF00257D67 /* PlantGraphViewController.m in Sources */,
				838F550B1A78144700BA469C /* AppDelegate.m in Sources */,
				83F550161A97B016007DA7EA /* DateViewController.m in Sources */,
				83246DD21AEBEC6B00DA464F /* SaveCellsViewController.m in Sources */,
				8317F1B61A95478B00CC6CF1 /* PlantsViewController.m in Sources */,
				838F55081A78144700BA469C /* main.m in Sources */,
			);
			runOnlyForDeploymentPostprocessing = 0;
		};
		838F55171A78144700BA469C /* Sources */ = {
			isa = PBXSourcesBuildPhase;
			buildActionMask = 2147483647;
			files = (
			);
			runOnlyForDeploymentPostprocessing = 0;
		};
/* End PBXSourcesBuildPhase section */

/* Begin PBXTargetDependency section */
		838F551D1A78144700BA469C /* PBXTargetDependency */ = {
			isa = PBXTargetDependency;
			target = 838F55011A78144600BA469C /* Weed Genie */;
			targetProxy = 838F551C1A78144700BA469C /* PBXContainerItemProxy */;
		};
/* End PBXTargetDependency section */

/* Begin PBXVariantGroup section */
		838F550F1A78144700BA469C /* Main.storyboard */ = {
			isa = PBXVariantGroup;
			children = (
				838F55101A78144700BA469C /* Base */,
			);
			name = Main.storyboard;
			sourceTree = "<group>";
		};
/* End PBXVariantGroup section */

/* Begin XCBuildConfiguration section */
		838F55231A78144700BA469C /* Debug */ = {
			isa = XCBuildConfiguration;
			buildSettings = {
				ALWAYS_SEARCH_USER_PATHS = NO;
				CLANG_CXX_LANGUAGE_STANDARD = "gnu++0x";
				CLANG_CXX_LIBRARY = "libc++";
				CLANG_ENABLE_MODULES = YES;
				CLANG_ENABLE_OBJC_ARC = YES;
				CLANG_WARN_BOOL_CONVERSION = YES;
				CLANG_WARN_CONSTANT_CONVERSION = YES;
				CLANG_WARN_DIRECT_OBJC_ISA_USAGE = YES_ERROR;
				CLANG_WARN_EMPTY_BODY = YES;
				CLANG_WARN_ENUM_CONVERSION = YES;
				CLANG_WARN_INT_CONVERSION = YES;
				CLANG_WARN_OBJC_ROOT_CLASS = YES_ERROR;
				CLANG_WARN_UNREACHABLE_CODE = YES;
				CLANG_WARN__DUPLICATE_METHOD_MATCH = YES;
				"CODE_SIGN_IDENTITY[sdk=iphoneos*]" = "iPhone Developer";
				COPY_PHASE_STRIP = NO;
				ENABLE_STRICT_OBJC_MSGSEND = YES;
				GCC_C_LANGUAGE_STANDARD = gnu99;
				GCC_DYNAMIC_NO_PIC = NO;
				GCC_OPTIMIZATION_LEVEL = 0;
				GCC_PREPROCESSOR_DEFINITIONS = (
					"DEBUG=1",
					"$(inherited)",
				);
				GCC_SYMBOLS_PRIVATE_EXTERN = NO;
				GCC_WARN_64_TO_32_BIT_CONVERSION = YES;
				GCC_WARN_ABOUT_RETURN_TYPE = YES_ERROR;
				GCC_WARN_UNDECLARED_SELECTOR = YES;
				GCC_WARN_UNINITIALIZED_AUTOS = YES_AGGRESSIVE;
				GCC_WARN_UNUSED_FUNCTION = YES;
				GCC_WARN_UNUSED_VARIABLE = YES;
				IPHONEOS_DEPLOYMENT_TARGET = 8.1;
				MTL_ENABLE_DEBUG_INFO = YES;
				ONLY_ACTIVE_ARCH = YES;
				"OTHER_LDFLAGS[arch=*]" = "-ObjC";
				SDKROOT = iphoneos;
				TARGETED_DEVICE_FAMILY = "1,2";
			};
			name = Debug;
		};
		838F55241A78144700BA469C /* Release */ = {
			isa = XCBuildConfiguration;
			buildSettings = {
				ALWAYS_SEARCH_USER_PATHS = NO;
				CLANG_CXX_LANGUAGE_STANDARD = "gnu++0x";
				CLANG_CXX_LIBRARY = "libc++";
				CLANG_ENABLE_MODULES = YES;
				CLANG_ENABLE_OBJC_ARC = YES;
				CLANG_WARN_BOOL_CONVERSION = YES;
				CLANG_WARN_CONSTANT_CONVERSION = YES;
				CLANG_WARN_DIRECT_OBJC_ISA_USAGE = YES_ERROR;
				CLANG_WARN_EMPTY_BODY = YES;
				CLANG_WARN_ENUM_CONVERSION = YES;
				CLANG_WARN_INT_CONVERSION = YES;
				CLANG_WARN_OBJC_ROOT_CLASS = YES_ERROR;
				CLANG_WARN_UNREACHABLE_CODE = YES;
				CLANG_WARN__DUPLICATE_METHOD_MATCH = YES;
				"CODE_SIGN_IDENTITY[sdk=iphoneos*]" = "iPhone Developer";
				COPY_PHASE_STRIP = YES;
				ENABLE_NS_ASSERTIONS = NO;
				ENABLE_STRICT_OBJC_MSGSEND = YES;
				GCC_C_LANGUAGE_STANDARD = gnu99;
				GCC_WARN_64_TO_32_BIT_CONVERSION = YES;
				GCC_WARN_ABOUT_RETURN_TYPE = YES_ERROR;
				GCC_WARN_UNDECLARED_SELECTOR = YES;
				GCC_WARN_UNINITIALIZED_AUTOS = YES_AGGRESSIVE;
				GCC_WARN_UNUSED_FUNCTION = YES;
				GCC_WARN_UNUSED_VARIABLE = YES;
				IPHONEOS_DEPLOYMENT_TARGET = 8.1;
				MTL_ENABLE_DEBUG_INFO = NO;
				"OTHER_LDFLAGS[arch=*]" = "-ObjC";
				SDKROOT = iphoneos;
				TARGETED_DEVICE_FAMILY = "1,2";
				VALIDATE_PRODUCT = YES;
			};
			name = Release;
		};
		838F55261A78144700BA469C /* Debug */ = {
			isa = XCBuildConfiguration;
			buildSettings = {
				ASSETCATALOG_COMPILER_APPICON_NAME = AppIcon;
				CODE_SIGN_IDENTITY = "iPhone Developer";
				"CODE_SIGN_IDENTITY[sdk=iphoneos*]" = "iPhone Developer";
				HEADER_SEARCH_PATHS = (
					"$(inherited)",
					/Applications/Xcode.app/Contents/Developer/Toolchains/XcodeDefault.xctoolchain/usr/include,
					"/Users/paintballer1105/Documents/School/SeniorDesign/core-plot-master/framework/**",
				);
				INFOPLIST_FILE = GDD/Info.plist;
				LD_RUNPATH_SEARCH_PATHS = "$(inherited) @executable_path/Frameworks";
				LIBRARY_SEARCH_PATHS = (
					"$(inherited)",
					"$(PROJECT_DIR)",
					"$(PROJECT_DIR)/GDD",
				);
				"OTHER_LDFLAGS[arch=*]" = "-ObjC";
				PRODUCT_NAME = "Weed Genie";
				PROVISIONING_PROFILE = "";
				TARGETED_DEVICE_FAMILY = 1;
			};
			name = Debug;
		};
		838F55271A78144700BA469C /* Release */ = {
			isa = XCBuildConfiguration;
			buildSettings = {
				ASSETCATALOG_COMPILER_APPICON_NAME = AppIcon;
				CODE_SIGN_IDENTITY = "iPhone Developer";
				"CODE_SIGN_IDENTITY[sdk=iphoneos*]" = "iPhone Developer";
				HEADER_SEARCH_PATHS = (
					"$(inherited)",
					/Applications/Xcode.app/Contents/Developer/Toolchains/XcodeDefault.xctoolchain/usr/include,
					"/Users/paintballer1105/Documents/School/SeniorDesign/core-plot-master/framework/**",
				);
				INFOPLIST_FILE = GDD/Info.plist;
				LD_RUNPATH_SEARCH_PATHS = "$(inherited) @executable_path/Frameworks";
				LIBRARY_SEARCH_PATHS = (
					"$(inherited)",
					"$(PROJECT_DIR)",
					"$(PROJECT_DIR)/GDD",
				);
				"OTHER_LDFLAGS[arch=*]" = "-ObjC";
				PRODUCT_NAME = "Weed Genie";
				PROVISIONING_PROFILE = "";
				TARGETED_DEVICE_FAMILY = 1;
			};
			name = Release;
		};
		838F55291A78144700BA469C /* Debug */ = {
			isa = XCBuildConfiguration;
			buildSettings = {
				BUNDLE_LOADER = "$(TEST_HOST)";
				FRAMEWORK_SEARCH_PATHS = (
					"$(SDKROOT)/Developer/Library/Frameworks",
					"$(inherited)",
				);
				GCC_PREPROCESSOR_DEFINITIONS = (
					"DEBUG=1",
					"$(inherited)",
				);
				INFOPLIST_FILE = GDDTests/Info.plist;
				LD_RUNPATH_SEARCH_PATHS = "$(inherited) @executable_path/Frameworks @loader_path/Frameworks";
				PRODUCT_NAME = "Weed GenieTests";
				TEST_HOST = "$(BUILT_PRODUCTS_DIR)/GDD.app/GDD";
			};
			name = Debug;
		};
		838F552A1A78144700BA469C /* Release */ = {
			isa = XCBuildConfiguration;
			buildSettings = {
				BUNDLE_LOADER = "$(TEST_HOST)";
				FRAMEWORK_SEARCH_PATHS = (
					"$(SDKROOT)/Developer/Library/Frameworks",
					"$(inherited)",
				);
				INFOPLIST_FILE = GDDTests/Info.plist;
				LD_RUNPATH_SEARCH_PATHS = "$(inherited) @executable_path/Frameworks @loader_path/Frameworks";
				PRODUCT_NAME = "Weed GenieTests";
				TEST_HOST = "$(BUILT_PRODUCTS_DIR)/GDD.app/GDD";
			};
			name = Release;
		};
/* End XCBuildConfiguration section */

/* Begin XCConfigurationList section */
		838F54FD1A78144600BA469C /* Build configuration list for PBXProject "Weed Genie" */ = {
			isa = XCConfigurationList;
			buildConfigurations = (
				838F55231A78144700BA469C /* Debug */,
				838F55241A78144700BA469C /* Release */,
			);
			defaultConfigurationIsVisible = 0;
			defaultConfigurationName = Release;
		};
		838F55251A78144700BA469C /* Build configuration list for PBXNativeTarget "Weed Genie" */ = {
			isa = XCConfigurationList;
			buildConfigurations = (
				838F55261A78144700BA469C /* Debug */,
				838F55271A78144700BA469C /* Release */,
			);
			defaultConfigurationIsVisible = 0;
			defaultConfigurationName = Release;
		};
		838F55281A78144700BA469C /* Build configuration list for PBXNativeTarget "Weed GenieTests" */ = {
			isa = XCConfigurationList;
			buildConfigurations = (
				838F55291A78144700BA469C /* Debug */,
				838F552A1A78144700BA469C /* Release */,
			);
			defaultConfigurationIsVisible = 0;
			defaultConfigurationName = Release;
		};
/* End XCConfigurationList section */
	};
	rootObject = 838F54FA1A78144600BA469C /* Project object */;
}
